
Microsoft Visual Studio Solution File, Format Version 12.00
# Visual Studio Version 17
VisualStudioVersion = 17.0.31903.59
MinimumVisualStudioVersion = 10.0.40219.1
Project("{FAE04EC0-301F-11D3-BF4B-00C04F79EFBC}") = "OpenIDProviderApp", "OpenIDProviderApp\OpenIDProviderApp.csproj", "{36C677F6-CCCA-4DD8-8651-A48BDFEE143B}"
EndProject
Project("{FAE04EC0-301F-11D3-BF4B-00C04F79EFBC}") = "TestClientApp", "TestClientApp\TestClientApp.csproj", "{8823E96F-8CA3-437E-878F-60A5501C6297}"
EndProject
Project("{FAE04EC0-301F-11D3-BF4B-00C04F79EFBC}") = "BffSample", "BffSample\BffSample.csproj", "{347D07DE-3BBD-47B1-87C9-8DAC84C70ABB}"
EndProject
Project("{FAE04EC0-301F-11D3-BF4B-00C04F79EFBC}") = "ApiSample", "ApiSample\ApiSample.csproj", "{71B5C64F-E15A-46D5-BA93-EA5E49880BC5}"
EndProject
Global
	GlobalSection(SolutionConfigurationPlatforms) = preSolution
		Debug|Any CPU = Debug|Any CPU
		Release|Any CPU = Release|Any CPU
	EndGlobalSection
	GlobalSection(SolutionProperties) = preSolution
		HideSolutionNode = FALSE
	EndGlobalSection
	GlobalSection(ProjectConfigurationPlatforms) = postSolution
		{36C677F6-CCCA-4DD8-8651-A48BDFEE143B}.Debug|Any CPU.ActiveCfg = Debug|Any CPU
		{36C677F6-CCCA-4DD8-8651-A48BDFEE143B}.Debug|Any CPU.Build.0 = Debug|Any CPU
		{36C677F6-CCCA-4DD8-8651-A48BDFEE143B}.Release|Any CPU.ActiveCfg = Release|Any CPU
		{36C677F6-CCCA-4DD8-8651-A48BDFEE143B}.Release|Any CPU.Build.0 = Release|Any CPU
		{8823E96F-8CA3-437E-878F-60A5501C6297}.Debug|Any CPU.ActiveCfg = Debug|Any CPU
		{8823E96F-8CA3-437E-878F-60A5501C6297}.Debug|Any CPU.Build.0 = Debug|Any CPU
		{8823E96F-8CA3-437E-878F-60A5501C6297}.Release|Any CPU.ActiveCfg = Release|Any CPU
		{8823E96F-8CA3-437E-878F-60A5501C6297}.Release|Any CPU.Build.0 = Release|Any CPU
		{347D07DE-3BBD-47B1-87C9-8DAC84C70ABB}.Debug|Any CPU.ActiveCfg = Debug|Any CPU
		{347D07DE-3BBD-47B1-87C9-8DAC84C70ABB}.Debug|Any CPU.Build.0 = Debug|Any CPU
		{347D07DE-3BBD-47B1-87C9-8DAC84C70ABB}.Release|Any CPU.ActiveCfg = Release|Any CPU
		{347D07DE-3BBD-47B1-87C9-8DAC84C70ABB}.Release|Any CPU.Build.0 = Release|Any CPU
		{71B5C64F-E15A-46D5-BA93-EA5E49880BC5}.Debug|Any CPU.ActiveCfg = Debug|Any CPU
		{71B5C64F-E15A-46D5-BA93-EA5E49880BC5}.Debug|Any CPU.Build.0 = Debug|Any CPU
		{71B5C64F-E15A-46D5-BA93-EA5E49880BC5}.Release|Any CPU.ActiveCfg = Release|Any CPU
		{71B5C64F-E15A-46D5-BA93-EA5E49880BC5}.Release|Any CPU.Build.0 = Release|Any CPU
	EndGlobalSection
EndGlobal
